
Microsoft Visual Studio Solution File, Format Version 12.00
# Visual Studio Version 17
VisualStudioVersion = 17.4.33213.308
MinimumVisualStudioVersion = 10.0.40219.1
Project("{FAE04EC0-301F-11D3-BF4B-00C04F79EFBC}") = "Practices", "task1\Practices.csproj", "{1E6E5333-638C-478B-86F5-F0A99EB5ABE9}"
EndProject
Project("{FAE04EC0-301F-11D3-BF4B-00C04F79EFBC}") = "Practices.Tests", "PracticesTest\Practices.Tests.csproj", "{EE624D5B-72E8-432D-A256-49F7476CBC35}"
EndProject
Global
	GlobalSection(SolutionConfigurationPlatforms) = preSolution
		Debug|Any CPU = Debug|Any CPU
		Release|Any CPU = Release|Any CPU
	EndGlobalSection
	GlobalSection(ProjectConfigurationPlatforms) = postSolution
		{1E6E5333-638C-478B-86F5-F0A99EB5ABE9}.Debug|Any CPU.ActiveCfg = Debug|Any CPU
		{1E6E5333-638C-478B-86F5-F0A99EB5ABE9}.Debug|Any CPU.Build.0 = Debug|Any CPU
		{1E6E5333-638C-478B-86F5-F0A99EB5ABE9}.Release|Any CPU.ActiveCfg = Release|Any CPU
		{1E6E5333-638C-478B-86F5-F0A99EB5ABE9}.Release|Any CPU.Build.0 = Release|Any CPU
		{EE624D5B-72E8-432D-A256-49F7476CBC35}.Debug|Any CPU.ActiveCfg = Debug|Any CPU
		{EE624D5B-72E8-432D-A256-49F7476CBC35}.Debug|Any CPU.Build.0 = Debug|Any CPU
		{EE624D5B-72E8-432D-A256-49F7476CBC35}.Release|Any CPU.ActiveCfg = Release|Any CPU
		{EE624D5B-72E8-432D-A256-49F7476CBC35}.Release|Any CPU.Build.0 = Release|Any CPU
	EndGlobalSection
	GlobalSection(SolutionProperties) = preSolution
		HideSolutionNode = FALSE
	EndGlobalSection
	GlobalSection(ExtensibilityGlobals) = postSolution
		SolutionGuid = {65DDF752-45C3-4F49-91BB-05931AD120A5}
	EndGlobalSection
EndGlobal
